{
  "object": {
    "pins": [
      {
        "package": "AsyncNetwork",
        "repositoryURL": "https://github.com/FitnessKit/AsyncNetwork",
        "state": {
          "branch": null,
          "revision": "3942870943d64bc9e02d2a1c4ce67efab1e148c3",
          "version": "1.0.2"
        }
      },
      {
        "package": "BinaryCodable",
        "repositoryURL": "https://github.com/jverkoey/BinaryCodable",
        "state": {
          "branch": null,
          "revision": "aebaa30f1b73c5c45c374d251029b8bd68bde755",
          "version": "0.3.1"
        }
      }
    ]
  },
  "version": 1
}
